// !$*UTF8*$!
{
	archiveVersion = 1;
	classes = {
	};
	objectVersion = 50;
	objects = {

/* Begin PBXBuildFile section */
		B51F449A29A6B38E00D1A0BD /* libluaosutils-static.a in Frameworks */ = {isa = PBXBuildFile; fileRef = B51F449729A6B37200D1A0BD /* libluaosutils-static.a */; };
		B51F449B29A6B39300D1A0BD /* libLua.a in Frameworks */ = {isa = PBXBuildFile; fileRef = B51F448F29A6B34C00D1A0BD /* libLua.a */; };
		B5A6773F28D0DB7200D9B74C /* Cocoa.framework in Frameworks */ = {isa = PBXBuildFile; fileRef = B5A6773E28D0DB7200D9B74C /* Cocoa.framework */; };
		B5EFCF2728634BBA003AC07F /* Vector.h in Headers */ = {isa = PBXBuildFile; fileRef = B5EFCF1D28634BB9003AC07F /* Vector.h */; };
		B5EFCF2828634BBA003AC07F /* List.h in Headers */ = {isa = PBXBuildFile; fileRef = B5EFCF1E28634BB9003AC07F /* List.h */; };
		B5EFCF2928634BBA003AC07F /* RefCountedObject.h in Headers */ = {isa = PBXBuildFile; fileRef = B5EFCF1F28634BB9003AC07F /* RefCountedObject.h */; };
		B5EFCF2A28634BBA003AC07F /* RefCountedPtr.h in Headers */ = {isa = PBXBuildFile; fileRef = B5EFCF2128634BB9003AC07F /* RefCountedPtr.h */; };
		B5EFCF2B28634BBA003AC07F /* Map.h in Headers */ = {isa = PBXBuildFile; fileRef = B5EFCF2228634BB9003AC07F /* Map.h */; };
		B5EFCF2C28634BBA003AC07F /* LuaBridge.h in Headers */ = {isa = PBXBuildFile; fileRef = B5EFCF2328634BB9003AC07F /* LuaBridge.h */; };
		B5EFCF2D28634BBA003AC07F /* UnorderedMap.h in Headers */ = {isa = PBXBuildFile; fileRef = B5EFCF2428634BB9003AC07F /* UnorderedMap.h */; };
		B5EFCF2E28634BBA003AC07F /* Array.h in Headers */ = {isa = PBXBuildFile; fileRef = B5EFCF2528634BB9003AC07F /* Array.h */; };
		B5EFCF2F28634BBA003AC07F /* Optional.h in Headers */ = {isa = PBXBuildFile; fileRef = B5EFCF2628634BB9003AC07F /* Optional.h */; };
		B5F5262329A6C52800002B79 /* libosutils_dylibmain.cpp in Sources */ = {isa = PBXBuildFile; fileRef = B5F5262229A6C48C00002B79 /* libosutils_dylibmain.cpp */; };
/* End PBXBuildFile section */

/* Begin PBXContainerItemProxy section */
		B51F448E29A6B34C00D1A0BD /* PBXContainerItemProxy */ = {
			isa = PBXContainerItemProxy;
			containerPortal = B51F448A29A6B34C00D1A0BD /* Lua.xcodeproj */;
			proxyType = 2;
			remoteGlobalIDString = B50BDD1E26E9499000F1FAD3;
			remoteInfo = Lua;
		};
		B51F449029A6B35A00D1A0BD /* PBXContainerItemProxy */ = {
			isa = PBXContainerItemProxy;
			containerPortal = B51F448A29A6B34C00D1A0BD /* Lua.xcodeproj */;
			proxyType = 1;
			remoteGlobalIDString = B50BDD1D26E9499000F1FAD3;
			remoteInfo = Lua;
		};
		B51F449629A6B37200D1A0BD /* PBXContainerItemProxy */ = {
			isa = PBXContainerItemProxy;
			containerPortal = B51F449229A6B37200D1A0BD /* luaosutils-static.xcodeproj */;
			proxyType = 2;
			remoteGlobalIDString = B5A031CE29A6A4FC0085ED88;
			remoteInfo = "luaosutils-static";
		};
		B51F449829A6B37D00D1A0BD /* PBXContainerItemProxy */ = {
			isa = PBXContainerItemProxy;
			containerPortal = B51F449229A6B37200D1A0BD /* luaosutils-static.xcodeproj */;
			proxyType = 1;
			remoteGlobalIDString = B5A031CD29A6A4FC0085ED88;
			remoteInfo = "luaosutils-static";
		};
/* End PBXContainerItemProxy section */

/* Begin PBXFileReference section */
		B51F448A29A6B34C00D1A0BD /* Lua.xcodeproj */ = {isa = PBXFileReference; lastKnownFileType = "wrapper.pb-project"; name = Lua.xcodeproj; path = "lua-source/Lua.xcodeproj"; sourceTree = "<group>"; };
		B51F449229A6B37200D1A0BD /* luaosutils-static.xcodeproj */ = {isa = PBXFileReference; lastKnownFileType = "wrapper.pb-project"; path = "luaosutils-static.xcodeproj"; sourceTree = "<group>"; };
		B55E2B362610CE9C003E0F63 /* luaosutils.dylib */ = {isa = PBXFileReference; explicitFileType = "compiled.mach-o.dylib"; includeInIndex = 0; path = luaosutils.dylib; sourceTree = BUILT_PRODUCTS_DIR; };
		B5A6773E28D0DB7200D9B74C /* Cocoa.framework */ = {isa = PBXFileReference; lastKnownFileType = wrapper.framework; name = Cocoa.framework; path = ../../../../../../../System/Library/Frameworks/Cocoa.framework; sourceTree = "<group>"; };
		B5AABB52284E69DA00708D15 /* Shared.xcconfig */ = {isa = PBXFileReference; lastKnownFileType = text.xcconfig; path = Shared.xcconfig; sourceTree = "<group>"; };
		B5EFCF1D28634BB9003AC07F /* Vector.h */ = {isa = PBXFileReference; fileEncoding = 4; lastKnownFileType = sourcecode.c.h; path = Vector.h; sourceTree = "<group>"; };
		B5EFCF1E28634BB9003AC07F /* List.h */ = {isa = PBXFileReference; fileEncoding = 4; lastKnownFileType = sourcecode.c.h; path = List.h; sourceTree = "<group>"; };
		B5EFCF1F28634BB9003AC07F /* RefCountedObject.h */ = {isa = PBXFileReference; fileEncoding = 4; lastKnownFileType = sourcecode.c.h; path = RefCountedObject.h; sourceTree = "<group>"; };
		B5EFCF2028634BB9003AC07F /* detail */ = {isa = PBXFileReference; lastKnownFileType = folder; path = detail; sourceTree = "<group>"; };
		B5EFCF2128634BB9003AC07F /* RefCountedPtr.h */ = {isa = PBXFileReference; fileEncoding = 4; lastKnownFileType = sourcecode.c.h; path = RefCountedPtr.h; sourceTree = "<group>"; };
		B5EFCF2228634BB9003AC07F /* Map.h */ = {isa = PBXFileReference; fileEncoding = 4; lastKnownFileType = sourcecode.c.h; path = Map.h; sourceTree = "<group>"; };
		B5EFCF2328634BB9003AC07F /* LuaBridge.h */ = {isa = PBXFileReference; fileEncoding = 4; lastKnownFileType = sourcecode.c.h; path = LuaBridge.h; sourceTree = "<group>"; };
		B5EFCF2428634BB9003AC07F /* UnorderedMap.h */ = {isa = PBXFileReference; fileEncoding = 4; lastKnownFileType = sourcecode.c.h; path = UnorderedMap.h; sourceTree = "<group>"; };
		B5EFCF2528634BB9003AC07F /* Array.h */ = {isa = PBXFileReference; fileEncoding = 4; lastKnownFileType = sourcecode.c.h; path = Array.h; sourceTree = "<group>"; };
		B5EFCF2628634BB9003AC07F /* Optional.h */ = {isa = PBXFileReference; fileEncoding = 4; lastKnownFileType = sourcecode.c.h; path = Optional.h; sourceTree = "<group>"; };
		B5F5262229A6C48C00002B79 /* libosutils_dylibmain.cpp */ = {isa = PBXFileReference; lastKnownFileType = sourcecode.cpp.cpp; name = libosutils_dylibmain.cpp; path = src/libosutils_dylibmain.cpp; sourceTree = "<group>"; };
/* End PBXFileReference section */

/* Begin PBXFrameworksBuildPhase section */
		B55E2B342610CE9C003E0F63 /* Frameworks */ = {
			isa = PBXFrameworksBuildPhase;
			buildActionMask = 2147483647;
			files = (
				B51F449B29A6B39300D1A0BD /* libLua.a in Frameworks */,
				B51F449A29A6B38E00D1A0BD /* libluaosutils-static.a in Frameworks */,
				B5A6773F28D0DB7200D9B74C /* Cocoa.framework in Frameworks */,
			);
			runOnlyForDeploymentPostprocessing = 0;
		};
/* End PBXFrameworksBuildPhase section */

/* Begin PBXGroup section */
		B50B920F26ED05D100DE877C /* Frameworks */ = {
			isa = PBXGroup;
			children = (
				B5A6773E28D0DB7200D9B74C /* Cocoa.framework */,
			);
			name = Frameworks;
			sourceTree = "<group>";
		};
		B51F448B29A6B34C00D1A0BD /* Products */ = {
			isa = PBXGroup;
			children = (
				B51F448F29A6B34C00D1A0BD /* libLua.a */,
			);
			name = Products;
			sourceTree = "<group>";
		};
		B51F449329A6B37200D1A0BD /* Products */ = {
			isa = PBXGroup;
			children = (
				B51F449729A6B37200D1A0BD /* libluaosutils-static.a */,
			);
			name = Products;
			sourceTree = "<group>";
		};
		B55E2B2D2610CE9C003E0F63 = {
			isa = PBXGroup;
			children = (
				B5F5262229A6C48C00002B79 /* libosutils_dylibmain.cpp */,
				B5AABB52284E69DA00708D15 /* Shared.xcconfig */,
				B5EFCF1C28634B7F003AC07F /* LuaBridge */,
				B51F448A29A6B34C00D1A0BD /* Lua.xcodeproj */,
				B51F449229A6B37200D1A0BD /* luaosutils-static.xcodeproj */,
				B55E2B372610CE9C003E0F63 /* Products */,
				B50B920F26ED05D100DE877C /* Frameworks */,
			);
			sourceTree = "<group>";
		};
		B55E2B372610CE9C003E0F63 /* Products */ = {
			isa = PBXGroup;
			children = (
				B55E2B362610CE9C003E0F63 /* luaosutils.dylib */,
			);
			name = Products;
			sourceTree = "<group>";
		};
		B5EFCF1C28634B7F003AC07F /* LuaBridge */ = {
			isa = PBXGroup;
			children = (
				B5EFCF2528634BB9003AC07F /* Array.h */,
				B5EFCF2028634BB9003AC07F /* detail */,
				B5EFCF1E28634BB9003AC07F /* List.h */,
				B5EFCF2328634BB9003AC07F /* LuaBridge.h */,
				B5EFCF2228634BB9003AC07F /* Map.h */,
				B5EFCF2628634BB9003AC07F /* Optional.h */,
				B5EFCF1F28634BB9003AC07F /* RefCountedObject.h */,
				B5EFCF2128634BB9003AC07F /* RefCountedPtr.h */,
				B5EFCF2428634BB9003AC07F /* UnorderedMap.h */,
				B5EFCF1D28634BB9003AC07F /* Vector.h */,
			);
			name = LuaBridge;
			path = LuaBridge/Source/LuaBridge;
			sourceTree = SOURCE_ROOT;
		};
/* End PBXGroup section */

/* Begin PBXHeadersBuildPhase section */
		B55E2B322610CE9C003E0F63 /* Headers */ = {
			isa = PBXHeadersBuildPhase;
			buildActionMask = 2147483647;
			files = (
				B5EFCF2E28634BBA003AC07F /* Array.h in Headers */,
				B5EFCF2728634BBA003AC07F /* Vector.h in Headers */,
				B5EFCF2D28634BBA003AC07F /* UnorderedMap.h in Headers */,
				B5EFCF2928634BBA003AC07F /* RefCountedObject.h in Headers */,
				B5EFCF2B28634BBA003AC07F /* Map.h in Headers */,
				B5EFCF2C28634BBA003AC07F /* LuaBridge.h in Headers */,
				B5EFCF2A28634BBA003AC07F /* RefCountedPtr.h in Headers */,
				B5EFCF2F28634BBA003AC07F /* Optional.h in Headers */,
				B5EFCF2828634BBA003AC07F /* List.h in Headers */,
			);
			runOnlyForDeploymentPostprocessing = 0;
		};
/* End PBXHeadersBuildPhase section */

/* Begin PBXNativeTarget section */
		B55E2B352610CE9C003E0F63 /* luaosutils */ = {
			isa = PBXNativeTarget;
			buildConfigurationList = B55E2B3A2610CE9C003E0F63 /* Build configuration list for PBXNativeTarget "luaosutils" */;
			buildPhases = (
				B55E2B322610CE9C003E0F63 /* Headers */,
				B55E2B332610CE9C003E0F63 /* Sources */,
				B55E2B342610CE9C003E0F63 /* Frameworks */,
			);
			buildRules = (
			);
			dependencies = (
				B51F449929A6B37D00D1A0BD /* PBXTargetDependency */,
				B51F449129A6B35A00D1A0BD /* PBXTargetDependency */,
			);
			name = luaosutils;
			productName = LuaInterfaceTest;
			productReference = B55E2B362610CE9C003E0F63 /* luaosutils.dylib */;
			productType = "com.apple.product-type.library.dynamic";
		};
/* End PBXNativeTarget section */

/* Begin PBXProject section */
		B55E2B2E2610CE9C003E0F63 /* Project object */ = {
			isa = PBXProject;
			attributes = {
				LastUpgradeCheck = 1420;
				ORGANIZATIONNAME = "Robert Patterson";
				TargetAttributes = {
					B55E2B352610CE9C003E0F63 = {
						CreatedOnToolsVersion = 11.3.1;
					};
				};
			};
			buildConfigurationList = B55E2B312610CE9C003E0F63 /* Build configuration list for PBXProject "luaosutils" */;
			compatibilityVersion = "Xcode 9.3";
			developmentRegion = en;
			hasScannedForEncodings = 0;
			knownRegions = (
				en,
				Base,
			);
			mainGroup = B55E2B2D2610CE9C003E0F63;
			productRefGroup = B55E2B372610CE9C003E0F63 /* Products */;
			projectDirPath = "";
			projectReferences = (
				{
					ProductGroup = B51F448B29A6B34C00D1A0BD /* Products */;
					ProjectRef = B51F448A29A6B34C00D1A0BD /* Lua.xcodeproj */;
				},
				{
					ProductGroup = B51F449329A6B37200D1A0BD /* Products */;
					ProjectRef = B51F449229A6B37200D1A0BD /* luaosutils-static.xcodeproj */;
				},
			);
			projectRoot = "";
			targets = (
				B55E2B352610CE9C003E0F63 /* luaosutils */,
			);
		};
/* End PBXProject section */

/* Begin PBXReferenceProxy section */
		B51F448F29A6B34C00D1A0BD /* libLua.a */ = {
			isa = PBXReferenceProxy;
			fileType = archive.ar;
			path = libLua.a;
			remoteRef = B51F448E29A6B34C00D1A0BD /* PBXContainerItemProxy */;
			sourceTree = BUILT_PRODUCTS_DIR;
		};
		B51F449729A6B37200D1A0BD /* libluaosutils-static.a */ = {
			isa = PBXReferenceProxy;
			fileType = archive.ar;
			path = "libluaosutils-static.a";
			remoteRef = B51F449629A6B37200D1A0BD /* PBXContainerItemProxy */;
			sourceTree = BUILT_PRODUCTS_DIR;
		};
/* End PBXReferenceProxy section */

/* Begin PBXSourcesBuildPhase section */
		B55E2B332610CE9C003E0F63 /* Sources */ = {
			isa = PBXSourcesBuildPhase;
			buildActionMask = 2147483647;
			files = (
				B5F5262329A6C52800002B79 /* libosutils_dylibmain.cpp in Sources */,
			);
			runOnlyForDeploymentPostprocessing = 0;
		};
/* End PBXSourcesBuildPhase section */

/* Begin PBXTargetDependency section */
		B51F449129A6B35A00D1A0BD /* PBXTargetDependency */ = {
			isa = PBXTargetDependency;
			name = Lua;
			targetProxy = B51F449029A6B35A00D1A0BD /* PBXContainerItemProxy */;
		};
		B51F449929A6B37D00D1A0BD /* PBXTargetDependency */ = {
			isa = PBXTargetDependency;
			name = "luaosutils-static";
			targetProxy = B51F449829A6B37D00D1A0BD /* PBXContainerItemProxy */;
		};
/* End PBXTargetDependency section */

/* Begin XCBuildConfiguration section */
		B55E2B382610CE9C003E0F63 /* Debug */ = {
			isa = XCBuildConfiguration;
			baseConfigurationReference = B5AABB52284E69DA00708D15 /* Shared.xcconfig */;
			buildSettings = {
				DEBUG_INFORMATION_FORMAT = dwarf;
				MTL_ENABLE_DEBUG_INFO = INCLUDE_SOURCE;
				MTL_FAST_MATH = YES;
				PRODUCT_NAME = luaosutils;
			};
			name = Debug;
		};
		B55E2B392610CE9C003E0F63 /* Release */ = {
			isa = XCBuildConfiguration;
			baseConfigurationReference = B5AABB52284E69DA00708D15 /* Shared.xcconfig */;
			buildSettings = {
				DEBUG_INFORMATION_FORMAT = "dwarf-with-dsym";
				MTL_ENABLE_DEBUG_INFO = NO;
				MTL_FAST_MATH = YES;
				PRODUCT_NAME = luaosutils;
			};
			name = Release;
		};
		B55E2B3B2610CE9C003E0F63 /* Debug */ = {
			isa = XCBuildConfiguration;
			buildSettings = {
				OTHER_LDFLAGS = "-dynamiclib";
			};
			name = Debug;
		};
		B55E2B3C2610CE9C003E0F63 /* Release */ = {
			isa = XCBuildConfiguration;
			buildSettings = {
				OTHER_LDFLAGS = "-dynamiclib";
			};
			name = Release;
		};
/* End XCBuildConfiguration section */

/* Begin XCConfigurationList section */
		B55E2B312610CE9C003E0F63 /* Build configuration list for PBXProject "luaosutils" */ = {
			isa = XCConfigurationList;
			buildConfigurations = (
				B55E2B382610CE9C003E0F63 /* Debug */,
				B55E2B392610CE9C003E0F63 /* Release */,
			);
			defaultConfigurationIsVisible = 0;
			defaultConfigurationName = Release;
		};
		B55E2B3A2610CE9C003E0F63 /* Build configuration list for PBXNativeTarget "luaosutils" */ = {
			isa = XCConfigurationList;
			buildConfigurations = (
				B55E2B3B2610CE9C003E0F63 /* Debug */,
				B55E2B3C2610CE9C003E0F63 /* Release */,
			);
			defaultConfigurationIsVisible = 0;
			defaultConfigurationName = Release;
		};
/* End XCConfigurationList section */
	};
	rootObject = B55E2B2E2610CE9C003E0F63 /* Project object */;
}
